
Microsoft Visual Studio Solution File, Format Version 12.00
# Visual Studio Version 16
VisualStudioVersion = 16.0.31129.286
MinimumVisualStudioVersion = 10.0.40219.1
Project("{FAE04EC0-301F-11D3-BF4B-00C04F79EFBC}") = "Sintaxis2", "Sintaxis2\Sintaxis2.csproj", "{B21A2310-F135-4478-B2B4-BEDF97FFD0FD}"
EndProject
Global
	GlobalSection(SolutionConfigurationPlatforms) = preSolution
		Debug|Any CPU = Debug|Any CPU
		Release|Any CPU = Release|Any CPU
	EndGlobalSection
	GlobalSection(ProjectConfigurationPlatforms) = postSolution
		{B21A2310-F135-4478-B2B4-BEDF97FFD0FD}.Debug|Any CPU.ActiveCfg = Debug|Any CPU
		{B21A2310-F135-4478-B2B4-BEDF97FFD0FD}.Debug|Any CPU.Build.0 = Debug|Any CPU
		{B21A2310-F135-4478-B2B4-BEDF97FFD0FD}.Release|Any CPU.ActiveCfg = Release|Any CPU
		{B21A2310-F135-4478-B2B4-BEDF97FFD0FD}.Release|Any CPU.Build.0 = Release|Any CPU
	EndGlobalSection
	GlobalSection(SolutionProperties) = preSolution
		HideSolutionNode = FALSE
	EndGlobalSection
	GlobalSection(ExtensibilityGlobals) = postSolution
		SolutionGuid = {83421EF5-9D90-4A1B-845F-2815921857A6}
	EndGlobalSection
EndGlobal
